// !$*UTF8*$!
{
	archiveVersion = 1;
	classes = {
	};
	objectVersion = 50;
	objects = {

/* Begin PBXBuildFile section */
		2E31513D20D89DF0009D7AC4 /* Main.storyboard in Resources */ = {isa = PBXBuildFile; fileRef = 2E4D121420D6FCFD00023259 /* Main.storyboard */; };
		2E4D121120D6FCFD00023259 /* AppDelegate.swift in Sources */ = {isa = PBXBuildFile; fileRef = 2E4D121020D6FCFD00023259 /* AppDelegate.swift */; };
		2E4D121320D6FCFD00023259 /* WeatherViewController.swift in Sources */ = {isa = PBXBuildFile; fileRef = 2E4D121220D6FCFD00023259 /* WeatherViewController.swift */; };
		2E4D121820D6FD0000023259 /* Assets.xcassets in Resources */ = {isa = PBXBuildFile; fileRef = 2E4D121720D6FD0000023259 /* Assets.xcassets */; };
		2E4D121B20D6FD0000023259 /* LaunchScreen.storyboard in Resources */ = {isa = PBXBuildFile; fileRef = 2E4D121920D6FD0000023259 /* LaunchScreen.storyboard */; };
		2E4D122320D7023D00023259 /* SecondViewController.swift in Sources */ = {isa = PBXBuildFile; fileRef = 2E4D122220D7023D00023259 /* SecondViewController.swift */; };
		F20952771000E61AB548639D /* Pods_Climate.framework in Frameworks */ = {isa = PBXBuildFile; fileRef = C7C3EED6304353E465777B62 /* Pods_Climate.framework */; };
/* End PBXBuildFile section */

/* Begin PBXFileReference section */
		1083833182A1417877EDD200 /* Pods-Climate.debug.xcconfig */ = {isa = PBXFileReference; includeInIndex = 1; lastKnownFileType = text.xcconfig; name = "Pods-Climate.debug.xcconfig"; path = "Pods/Target Support Files/Pods-Climate/Pods-Climate.debug.xcconfig"; sourceTree = "<group>"; };
		182BECB1A407C03E5DC13601 /* Pods-Climate.release.xcconfig */ = {isa = PBXFileReference; includeInIndex = 1; lastKnownFileType = text.xcconfig; name = "Pods-Climate.release.xcconfig"; path = "Pods/Target Support Files/Pods-Climate/Pods-Climate.release.xcconfig"; sourceTree = "<group>"; };
		2E31513C20D89DE5009D7AC4 /* en */ = {isa = PBXFileReference; lastKnownFileType = text.plist.strings; name = en; path = en.lproj/Main.strings; sourceTree = "<group>"; };
		2E4D120D20D6FCFD00023259 /* Climate.app */ = {isa = PBXFileReference; explicitFileType = wrapper.application; includeInIndex = 0; path = Climate.app; sourceTree = BUILT_PRODUCTS_DIR; };
		2E4D121020D6FCFD00023259 /* AppDelegate.swift */ = {isa = PBXFileReference; lastKnownFileType = sourcecode.swift; path = AppDelegate.swift; sourceTree = "<group>"; };
		2E4D121220D6FCFD00023259 /* WeatherViewController.swift */ = {isa = PBXFileReference; lastKnownFileType = sourcecode.swift; path = WeatherViewController.swift; sourceTree = "<group>"; };
		2E4D121520D6FCFD00023259 /* Base */ = {isa = PBXFileReference; lastKnownFileType = file.storyboard; name = Base; path = Base.lproj/Main.storyboard; sourceTree = "<group>"; };
		2E4D121720D6FD0000023259 /* Assets.xcassets */ = {isa = PBXFileReference; lastKnownFileType = folder.assetcatalog; path = Assets.xcassets; sourceTree = "<group>"; };
		2E4D121A20D6FD0000023259 /* Base */ = {isa = PBXFileReference; lastKnownFileType = file.storyboard; name = Base; path = Base.lproj/LaunchScreen.storyboard; sourceTree = "<group>"; };
		2E4D121C20D6FD0000023259 /* Info.plist */ = {isa = PBXFileReference; lastKnownFileType = text.plist.xml; path = Info.plist; sourceTree = "<group>"; };
		2E4D122220D7023D00023259 /* SecondViewController.swift */ = {isa = PBXFileReference; lastKnownFileType = sourcecode.swift; path = SecondViewController.swift; sourceTree = "<group>"; };
		C7C3EED6304353E465777B62 /* Pods_Climate.framework */ = {isa = PBXFileReference; explicitFileType = wrapper.framework; includeInIndex = 0; path = Pods_Climate.framework; sourceTree = BUILT_PRODUCTS_DIR; };
/* End PBXFileReference section */

/* Begin PBXFrameworksBuildPhase section */
		2E4D120A20D6FCFD00023259 /* Frameworks */ = {
			isa = PBXFrameworksBuildPhase;
			buildActionMask = 2147483647;
			files = (
				F20952771000E61AB548639D /* Pods_Climate.framework in Frameworks */,
			);
			runOnlyForDeploymentPostprocessing = 0;
		};
/* End PBXFrameworksBuildPhase section */

/* Begin PBXGroup section */
		2E4D120420D6FCFD00023259 = {
			isa = PBXGroup;
			children = (
				2E4D120F20D6FCFD00023259 /* Climate */,
				2E4D120E20D6FCFD00023259 /* Products */,
				E8F02FA16C653FD69965A311 /* Pods */,
				452012982EBF68800A9C29B1 /* Frameworks */,
			);
			sourceTree = "<group>";
		};
		2E4D120E20D6FCFD00023259 /* Products */ = {
			isa = PBXGroup;
			children = (
				2E4D120D20D6FCFD00023259 /* Climate.app */,
			);
			name = Products;
			sourceTree = "<group>";
		};
		2E4D120F20D6FCFD00023259 /* Climate */ = {
			isa = PBXGroup;
			children = (
				2E4D121020D6FCFD00023259 /* AppDelegate.swift */,
				2E4D121220D6FCFD00023259 /* WeatherViewController.swift */,
				2E4D121420D6FCFD00023259 /* Main.storyboard */,
				2E4D122220D7023D00023259 /* SecondViewController.swift */,
				2E4D121720D6FD0000023259 /* Assets.xcassets */,
				2E4D121920D6FD0000023259 /* LaunchScreen.storyboard */,
				2E4D121C20D6FD0000023259 /* Info.plist */,
			);
			path = Climate;
			sourceTree = "<group>";
		};
		452012982EBF68800A9C29B1 /* Frameworks */ = {
			isa = PBXGroup;
			children = (
				C7C3EED6304353E465777B62 /* Pods_Climate.framework */,
			);
			name = Frameworks;
			sourceTree = "<group>";
		};
		E8F02FA16C653FD69965A311 /* Pods */ = {
			isa = PBXGroup;
			children = (
				1083833182A1417877EDD200 /* Pods-Climate.debug.xcconfig */,
				182BECB1A407C03E5DC13601 /* Pods-Climate.release.xcconfig */,
			);
			name = Pods;
			sourceTree = "<group>";
		};
/* End PBXGroup section */

/* Begin PBXNativeTarget section */
		2E4D120C20D6FCFD00023259 /* Climate */ = {
			isa = PBXNativeTarget;
			buildConfigurationList = 2E4D121F20D6FD0000023259 /* Build configuration list for PBXNativeTarget "Climate" */;
			buildPhases = (
				304D5D663CF7D435E06D1FAF /* [CP] Check Pods Manifest.lock */,
				2E4D120920D6FCFD00023259 /* Sources */,
				2E4D120A20D6FCFD00023259 /* Frameworks */,
				2E4D120B20D6FCFD00023259 /* Resources */,
				A482FFA0C9B74BEFA579EB6C /* [CP] Embed Pods Frameworks */,
			);
			buildRules = (
			);
			dependencies = (
			);
			name = Climate;
			productName = Climate;
			productReference = 2E4D120D20D6FCFD00023259 /* Climate.app */;
			productType = "com.apple.product-type.application";
		};
/* End PBXNativeTarget section */

/* Begin PBXProject section */
		2E4D120520D6FCFD00023259 /* Project object */ = {
			isa = PBXProject;
			attributes = {
				LastSwiftUpdateCheck = 0930;
				LastUpgradeCheck = 0930;
				ORGANIZATIONNAME = "Stephen Selvaraj";
				TargetAttributes = {
					2E4D120C20D6FCFD00023259 = {
						CreatedOnToolsVersion = 9.3;
					};
				};
			};
			buildConfigurationList = 2E4D120820D6FCFD00023259 /* Build configuration list for PBXProject "Climate" */;
			compatibilityVersion = "Xcode 9.3";
			developmentRegion = en;
			hasScannedForEncodings = 0;
			knownRegions = (
				en,
				Base,
			);
			mainGroup = 2E4D120420D6FCFD00023259;
			productRefGroup = 2E4D120E20D6FCFD00023259 /* Products */;
			projectDirPath = "";
			projectRoot = "";
			targets = (
				2E4D120C20D6FCFD00023259 /* Climate */,
			);
		};
/* End PBXProject section */

/* Begin PBXResourcesBuildPhase section */
		2E4D120B20D6FCFD00023259 /* Resources */ = {
			isa = PBXResourcesBuildPhase;
			buildActionMask = 2147483647;
			files = (
				2E31513D20D89DF0009D7AC4 /* Main.storyboard in Resources */,
				2E4D121B20D6FD0000023259 /* LaunchScreen.storyboard in Resources */,
				2E4D121820D6FD0000023259 /* Assets.xcassets in Resources */,
			);
			runOnlyForDeploymentPostprocessing = 0;
		};
/* End PBXResourcesBuildPhase section */

/* Begin PBXShellScriptBuildPhase section */
		304D5D663CF7D435E06D1FAF /* [CP] Check Pods Manifest.lock */ = {
			isa = PBXShellScriptBuildPhase;
			buildActionMask = 2147483647;
			files = (
			);
			inputPaths = (
				"${PODS_PODFILE_DIR_PATH}/Podfile.lock",
				"${PODS_ROOT}/Manifest.lock",
			);
			name = "[CP] Check Pods Manifest.lock";
			outputPaths = (
				"$(DERIVED_FILE_DIR)/Pods-Climate-checkManifestLockResult.txt",
			);
			runOnlyForDeploymentPostprocessing = 0;
			shellPath = /bin/sh;
			shellScript = "diff \"${PODS_PODFILE_DIR_PATH}/Podfile.lock\" \"${PODS_ROOT}/Manifest.lock\" > /dev/null\nif [ $? != 0 ] ; then\n    # print error to STDERR\n    echo \"error: The sandbox is not in sync with the Podfile.lock. Run 'pod install' or update your CocoaPods installation.\" >&2\n    exit 1\nfi\n# This output is used by Xcode 'outputs' to avoid re-running this script phase.\necho \"SUCCESS\" > \"${SCRIPT_OUTPUT_FILE_0}\"\n";
			showEnvVarsInLog = 0;
		};
		A482FFA0C9B74BEFA579EB6C /* [CP] Embed Pods Frameworks */ = {
			isa = PBXShellScriptBuildPhase;
			buildActionMask = 2147483647;
			files = (
			);
			inputPaths = (
				"${SRCROOT}/Pods/Target Support Files/Pods-Climate/Pods-Climate-frameworks.sh",
				"${BUILT_PRODUCTS_DIR}/Alamofire/Alamofire.framework",
				"${BUILT_PRODUCTS_DIR}/SVProgressHUD/SVProgressHUD.framework",
				"${BUILT_PRODUCTS_DIR}/SwiftyJSON/SwiftyJSON.framework",
			);
			name = "[CP] Embed Pods Frameworks";
			outputPaths = (
				"${TARGET_BUILD_DIR}/${FRAMEWORKS_FOLDER_PATH}/Alamofire.framework",
				"${TARGET_BUILD_DIR}/${FRAMEWORKS_FOLDER_PATH}/SVProgressHUD.framework",
				"${TARGET_BUILD_DIR}/${FRAMEWORKS_FOLDER_PATH}/SwiftyJSON.framework",
			);
			runOnlyForDeploymentPostprocessing = 0;
			shellPath = /bin/sh;
			shellScript = "\"${SRCROOT}/Pods/Target Support Files/Pods-Climate/Pods-Climate-frameworks.sh\"\n";
			showEnvVarsInLog = 0;
		};
/* End PBXShellScriptBuildPhase section */

/* Begin PBXSourcesBuildPhase section */
		2E4D120920D6FCFD00023259 /* Sources */ = {
			isa = PBXSourcesBuildPhase;
			buildActionMask = 2147483647;
			files = (
				2E4D122320D7023D00023259 /* SecondViewController.swift in Sources */,
				2E4D121320D6FCFD00023259 /* WeatherViewController.swift in Sources */,
				2E4D121120D6FCFD00023259 /* AppDelegate.swift in Sources */,
			);
			runOnlyForDeploymentPostprocessing = 0;
		};
/* End PBXSourcesBuildPhase section */

/* Begin PBXVariantGroup section */
		2E4D121420D6FCFD00023259 /* Main.storyboard */ = {
			isa = PBXVariantGroup;
			children = (
				2E4D121520D6FCFD00023259 /* Base */,
				2E31513C20D89DE5009D7AC4 /* en */,
			);
			name = Main.storyboard;
			sourceTree = "<group>";
		};
		2E4D121920D6FD0000023259 /* LaunchScreen.storyboard */ = {
			isa = PBXVariantGroup;
			children = (
				2E4D121A20D6FD0000023259 /* Base */,
			);
			name = LaunchScreen.storyboard;
			sourceTree = "<group>";
		};
/* End PBXVariantGroup section */

/* Begin XCBuildConfiguration section */
		2E4D121D20D6FD0000023259 /* Debug */ = {
			isa = XCBuildConfiguration;
			buildSettings = {
				ALWAYS_SEARCH_USER_PATHS = NO;
				CLANG_ANALYZER_NONNULL = YES;
				CLANG_ANALYZER_NUMBER_OBJECT_CONVERSION = YES_AGGRESSIVE;
				CLANG_CXX_LANGUAGE_STANDARD = "gnu++14";
				CLANG_CXX_LIBRARY = "libc++";
				CLANG_ENABLE_MODULES = YES;
				CLANG_ENABLE_OBJC_ARC = YES;
				CLANG_ENABLE_OBJC_WEAK = YES;
				CLANG_WARN_BLOCK_CAPTURE_AUTORELEASING = YES;
				CLANG_WARN_BOOL_CONVERSION = YES;
				CLANG_WARN_COMMA = YES;
				CLANG_WARN_CONSTANT_CONVERSION = YES;
				CLANG_WARN_DEPRECATED_OBJC_IMPLEMENTATIONS = YES;
				CLANG_WARN_DIRECT_OBJC_ISA_USAGE = YES_ERROR;
				CLANG_WARN_DOCUMENTATION_COMMENTS = YES;
				CLANG_WARN_EMPTY_BODY = YES;
				CLANG_WARN_ENUM_CONVERSION = YES;
				CLANG_WARN_INFINITE_RECURSION = YES;
				CLANG_WARN_INT_CONVERSION = YES;
				CLANG_WARN_NON_LITERAL_NULL_CONVERSION = YES;
				CLANG_WARN_OBJC_IMPLICIT_RETAIN_SELF = YES;
				CLANG_WARN_OBJC_LITERAL_CONVERSION = YES;
				CLANG_WARN_OBJC_ROOT_CLASS = YES_ERROR;
				CLANG_WARN_RANGE_LOOP_ANALYSIS = YES;
				CLANG_WARN_STRICT_PROTOTYPES = YES;
				CLANG_WARN_SUSPICIOUS_MOVE = YES;
				CLANG_WARN_UNGUARDED_AVAILABILITY = YES_AGGRESSIVE;
				CLANG_WARN_UNREACHABLE_CODE = YES;
				CLANG_WARN__DUPLICATE_METHOD_MATCH = YES;
				CODE_SIGN_IDENTITY = "iPhone Developer";
				COPY_PHASE_STRIP = NO;
				DEBUG_INFORMATION_FORMAT = dwarf;
				ENABLE_STRICT_OBJC_MSGSEND = YES;
				ENABLE_TESTABILITY = YES;
				GCC_C_LANGUAGE_STANDARD = gnu11;
				GCC_DYNAMIC_NO_PIC = NO;
				GCC_NO_COMMON_BLOCKS = YES;
				GCC_OPTIMIZATION_LEVEL = 0;
				GCC_PREPROCESSOR_DEFINITIONS = (
					"DEBUG=1",
					"$(inherited)",
				);
				GCC_WARN_64_TO_32_BIT_CONVERSION = YES;
				GCC_WARN_ABOUT_RETURN_TYPE = YES_ERROR;
				GCC_WARN_UNDECLARED_SELECTOR = YES;
				GCC_WARN_UNINITIALIZED_AUTOS = YES_AGGRESSIVE;
				GCC_WARN_UNUSED_FUNCTION = YES;
				GCC_WARN_UNUSED_VARIABLE = YES;
				IPHONEOS_DEPLOYMENT_TARGET = 11.3;
				MTL_ENABLE_DEBUG_INFO = YES;
				ONLY_ACTIVE_ARCH = YES;
				SDKROOT = iphoneos;
				SWIFT_ACTIVE_COMPILATION_CONDITIONS = DEBUG;
				SWIFT_OPTIMIZATION_LEVEL = "-Onone";
			};
			name = Debug;
		};
		2E4D121E20D6FD0000023259 /* Release */ = {
			isa = XCBuildConfiguration;
			buildSettings = {
				ALWAYS_SEARCH_USER_PATHS = NO;
				CLANG_ANALYZER_NONNULL = YES;
				CLANG_ANALYZER_NUMBER_OBJECT_CONVERSION = YES_AGGRESSIVE;
				CLANG_CXX_LANGUAGE_STANDARD = "gnu++14";
				CLANG_CXX_LIBRARY = "libc++";
				CLANG_ENABLE_MODULES = YES;
				CLANG_ENABLE_OBJC_ARC = YES;
				CLANG_ENABLE_OBJC_WEAK = YES;
				CLANG_WARN_BLOCK_CAPTURE_AUTORELEASING = YES;
				CLANG_WARN_BOOL_CONVERSION = YES;
				CLANG_WARN_COMMA = YES;
				CLANG_WARN_CONSTANT_CONVERSION = YES;
				CLANG_WARN_DEPRECATED_OBJC_IMPLEMENTATIONS = YES;
				CLANG_WARN_DIRECT_OBJC_ISA_USAGE = YES_ERROR;
				CLANG_WARN_DOCUMENTATION_COMMENTS = YES;
				CLANG_WARN_EMPTY_BODY = YES;
				CLANG_WARN_ENUM_CONVERSION = YES;
				CLANG_WARN_INFINITE_RECURSION = YES;
				CLANG_WARN_INT_CONVERSION = YES;
				CLANG_WARN_NON_LITERAL_NULL_CONVERSION = YES;
				CLANG_WARN_OBJC_IMPLICIT_RETAIN_SELF = YES;
				CLANG_WARN_OBJC_LITERAL_CONVERSION = YES;
				CLANG_WARN_OBJC_ROOT_CLASS = YES_ERROR;
				CLANG_WARN_RANGE_LOOP_ANALYSIS = YES;
				CLANG_WARN_STRICT_PROTOTYPES = YES;
				CLANG_WARN_SUSPICIOUS_MOVE = YES;
				CLANG_WARN_UNGUARDED_AVAILABILITY = YES_AGGRESSIVE;
				CLANG_WARN_UNREACHABLE_CODE = YES;
				CLANG_WARN__DUPLICATE_METHOD_MATCH = YES;
				CODE_SIGN_IDENTITY = "iPhone Developer";
				COPY_PHASE_STRIP = NO;
				DEBUG_INFORMATION_FORMAT = "dwarf-with-dsym";
				ENABLE_NS_ASSERTIONS = NO;
				ENABLE_STRICT_OBJC_MSGSEND = YES;
				GCC_C_LANGUAGE_STANDARD = gnu11;
				GCC_NO_COMMON_BLOCKS = YES;
				GCC_WARN_64_TO_32_BIT_CONVERSION = YES;
				GCC_WARN_ABOUT_RETURN_TYPE = YES_ERROR;
				GCC_WARN_UNDECLARED_SELECTOR = YES;
				GCC_WARN_UNINITIALIZED_AUTOS = YES_AGGRESSIVE;
				GCC_WARN_UNUSED_FUNCTION = YES;
				GCC_WARN_UNUSED_VARIABLE = YES;
				IPHONEOS_DEPLOYMENT_TARGET = 11.3;
				MTL_ENABLE_DEBUG_INFO = NO;
				SDKROOT = iphoneos;
				SWIFT_COMPILATION_MODE = wholemodule;
				SWIFT_OPTIMIZATION_LEVEL = "-O";
				VALIDATE_PRODUCT = YES;
			};
			name = Release;
		};
		2E4D122020D6FD0000023259 /* Debug */ = {
			isa = XCBuildConfiguration;
			baseConfigurationReference = 1083833182A1417877EDD200 /* Pods-Climate.debug.xcconfig */;
			buildSettings = {
				ASSETCATALOG_COMPILER_APPICON_NAME = AppIcon;
				CODE_SIGN_STYLE = Automatic;
				DEVELOPMENT_TEAM = D6SCLR896D;
				INFOPLIST_FILE = Climate/Info.plist;
				IPHONEOS_DEPLOYMENT_TARGET = 11.3;
				LD_RUNPATH_SEARCH_PATHS = (
					"$(inherited)",
					"@executable_path/Frameworks",
				);
				PRODUCT_BUNDLE_IDENTIFIER = com.selvst.Climate;
				PRODUCT_NAME = "$(TARGET_NAME)";
				SWIFT_VERSION = 4.0;
				TARGETED_DEVICE_FAMILY = "1,2";
			};
			name = Debug;
		};
		2E4D122120D6FD0000023259 /* Release */ = {
			isa = XCBuildConfiguration;
			baseConfigurationReference = 182BECB1A407C03E5DC13601 /* Pods-Climate.release.xcconfig */;
			buildSettings = {
				ASSETCATALOG_COMPILER_APPICON_NAME = AppIcon;
				CODE_SIGN_STYLE = Automatic;
				DEVELOPMENT_TEAM = D6SCLR896D;
				INFOPLIST_FILE = Climate/Info.plist;
				IPHONEOS_DEPLOYMENT_TARGET = 11.3;
				LD_RUNPATH_SEARCH_PATHS = (
					"$(inherited)",
					"@executable_path/Frameworks",
				);
				PRODUCT_BUNDLE_IDENTIFIER = com.selvst.Climate;
				PRODUCT_NAME = "$(TARGET_NAME)";
				SWIFT_VERSION = 4.0;
				TARGETED_DEVICE_FAMILY = "1,2";
			};
			name = Release;
		};
/* End XCBuildConfiguration section */

/* Begin XCConfigurationList section */
		2E4D120820D6FCFD00023259 /* Build configuration list for PBXProject "Climate" */ = {
			isa = XCConfigurationList;
			buildConfigurations = (
				2E4D121D20D6FD0000023259 /* Debug */,
				2E4D121E20D6FD0000023259 /* Release */,
			);
			defaultConfigurationIsVisible = 0;
			defaultConfigurationName = Release;
		};
		2E4D121F20D6FD0000023259 /* Build configuration list for PBXNativeTarget "Climate" */ = {
			isa = XCConfigurationList;
			buildConfigurations = (
				2E4D122020D6FD0000023259 /* Debug */,
				2E4D122120D6FD0000023259 /* Release */,
			);
			defaultConfigurationIsVisible = 0;
			defaultConfigurationName = Release;
		};
/* End XCConfigurationList section */
	};
	rootObject = 2E4D120520D6FCFD00023259 /* Project object */;
}
